{
  "pins" : [
    {
      "identity" : "confettiswiftui",
      "kind" : "remoteSourceControl",
      "location" : "https://github.com/simibac/ConfettiSwiftUI.git",
      "state" : {
        "revision" : "97fa443e5c054ca3162826b556315ca442bedb39",
        "version" : "0.3.1"
      }
    },
    {
      "identity" : "purchases-ios",
      "kind" : "remoteSourceControl",
      "location" : "https://github.com/RevenueCat/purchases-ios.git",
      "state" : {
        "revision" : "56f6124605f7b8b1cd064e758f2e5a2ae61b5aa5",
        "version" : "4.2.1"
      }
    }
  ],
  "version" : 2
}
